Microsoft Visual Studio Solution File, Format Version 12.00
# Visual Studio Version 17
VisualStudioVersion = 17.5.2.0
MinimumVisualStudioVersion = 10.0.40219.1
Project("{FAE04EC0-301F-11D3-BF4B-00C04F79EFBC}") = "Lap1", "Lap1.csproj", "{F952CA61-09FD-F9FF-C568-5BEC860C29DD}"
EndProject
Global
	GlobalSection(SolutionConfigurationPlatforms) = preSolution
		Debug|Any CPU = Debug|Any CPU
		Release|Any CPU = Release|Any CPU
	EndGlobalSection
	GlobalSection(ProjectConfigurationPlatforms) = postSolution
		{F952CA61-09FD-F9FF-C568-5BEC860C29DD}.Debug|Any CPU.ActiveCfg = Debug|Any CPU
		{F952CA61-09FD-F9FF-C568-5BEC860C29DD}.Debug|Any CPU.Build.0 = Debug|Any CPU
		{F952CA61-09FD-F9FF-C568-5BEC860C29DD}.Release|Any CPU.ActiveCfg = Release|Any CPU
		{F952CA61-09FD-F9FF-C568-5BEC860C29DD}.Release|Any CPU.Build.0 = Release|Any CPU
	EndGlobalSection
	GlobalSection(SolutionProperties) = preSolution
		HideSolutionNode = FALSE
	EndGlobalSection
	GlobalSection(ExtensibilityGlobals) = postSolution
		SolutionGuid = {40E0E1B1-CC0C-4D43-A04C-9DC18F778A11}
	EndGlobalSection
EndGlobal
